
Microsoft Visual Studio Solution File, Format Version 12.00
# Visual Studio Version 17
VisualStudioVersion = 17.8.34330.188
MinimumVisualStudioVersion = 10.0.40219.1
Project("{FAE04EC0-301F-11D3-BF4B-00C04F79EFBC}") = "mid term exam", "mid term exam\mid term exam.csproj", "{51AEC523-0A37-45E3-A75F-0888C8006D25}"
EndProject
Global
	GlobalSection(SolutionConfigurationPlatforms) = preSolution
		Debug|Any CPU = Debug|Any CPU
		Release|Any CPU = Release|Any CPU
	EndGlobalSection
	GlobalSection(ProjectConfigurationPlatforms) = postSolution
		{51AEC523-0A37-45E3-A75F-0888C8006D25}.Debug|Any CPU.ActiveCfg = Debug|Any CPU
		{51AEC523-0A37-45E3-A75F-0888C8006D25}.Debug|Any CPU.Build.0 = Debug|Any CPU
		{51AEC523-0A37-45E3-A75F-0888C8006D25}.Release|Any CPU.ActiveCfg = Release|Any CPU
		{51AEC523-0A37-45E3-A75F-0888C8006D25}.Release|Any CPU.Build.0 = Release|Any CPU
	EndGlobalSection
	GlobalSection(SolutionProperties) = preSolution
		HideSolutionNode = FALSE
	EndGlobalSection
	GlobalSection(ExtensibilityGlobals) = postSolution
		SolutionGuid = {7F8CD327-1559-408F-8381-765EB55D9D92}
	EndGlobalSection
EndGlobal
